{
  "name": "test_algorithm",
  "version": "1.0.0",
  "lockfileVersion": 2,
  "requires": true,
  "packages": {
    "": {
      "name": "test_algorithm",
      "version": "1.0.0",
      "license": "ISC",
      "dependencies": {
        "base58check": "^2.0.0",
        "blake2": "^4.0.2",
        "bs58": "^4.0.1",
        "crypto-js": "^4.1.1",
        "elliptic": "^6.5.4",
        "keccakjs": "^0.2.3",
        "secp256k1": "^4.0.3"
      }
    },
    "node_modules/base-x": {
      "version": "3.0.9",
      "resolved": "https://registry.npmmirror.com/base-x/-/base-x-3.0.9.tgz",
      "integrity": "sha512-H7JU6iBHTal1gp56aKoaa//YUxEaAOUiydvrV/pILqIHXTtqxSkATOnDA2u+jZ/61sD+L/412+7kzXRtWukhpQ==",
      "dependencies": {
        "safe-buffer": "^5.0.1"
      }
    },
    "node_modules/base58check": {
      "version": "2.0.0",
      "resolved": "https://registry.npmmirror.com/base58check/-/base58check-2.0.0.tgz",
      "integrity": "sha512-sTzsDAOC9+i2Ukr3p1Ie2DWpD117ua+vBJRDnpsSlScGwImeeiTg/IatwcFLsz9K9wEGoBLVd5ahNZzrZ/jZyg==",
      "dependencies": {
        "bs58": "^3.0.0"
      }
    },
    "node_modules/base58check/node_modules/base-x": {
      "version": "1.1.0",
      "resolved": "https://registry.npmmirror.com/base-x/-/base-x-1.1.0.tgz",
      "integrity": "sha512-c0WLeG3K5OlL4Skz2/LVdS+MjggByKhowxQpG+JpCLA48s/bGwIDyzA1naFjywtNvp/37fLK0p0FpjTNNLLUXQ=="
    },
    "node_modules/base58check/node_modules/bs58": {
      "version": "3.1.0",
      "resolved": "https://registry.npmmirror.com/bs58/-/bs58-3.1.0.tgz",
      "integrity": "sha512-9C2bRFTGy3meqO65O9jLvVTyawvhLVp4h2ECm5KlRPuV5KPDNJZcJIj3gl+aA0ENXcYrUSLCkPAeqbTcI2uWyQ==",
      "dependencies": {
        "base-x": "^1.1.0"
      }
    },
    "node_modules/blake2": {
      "version": "4.1.1",
      "resolved": "https://registry.npmmirror.com/blake2/-/blake2-4.1.1.tgz",
      "integrity": "sha512-HUmkY0MUDUVgejJVNrpNKAva8C4IWD/Rd862sdexoSibu86b6iu0gO0/RjovO2lM5+w6JqjIEmkuAgGhfHlnJw==",
      "hasInstallScript": true,
      "dependencies": {
        "nan": "^2.15.0"
      },
      "engines": {
        "node": ">= 8.0.0"
      }
    },
    "node_modules/blake2/node_modules/nan": {
      "version": "2.16.0",
      "resolved": "https://registry.npmmirror.com/nan/-/nan-2.16.0.tgz",
      "integrity": "sha512-UdAqHyFngu7TfQKsCBgAA6pWDkT8MAO7d0jyOecVhN5354xbLqdn8mV9Tat9gepAupm0bt2DbeaSC8vS52MuFA=="
    },
    "node_modules/bn.js": {
      "version": "4.12.0",
      "resolved": "https://registry.npmmirror.com/bn.js/-/bn.js-4.12.0.tgz",
      "integrity": "sha512-c98Bf3tPniI+scsdk237ku1Dc3ujXQTSgyiPUDEOe7tRkhrqridvh8klBv0HCEso1OLOYcHuCv/cS6DNxKH+ZA=="
    },
    "node_modules/brorand": {
      "version": "1.1.0",
      "resolved": "https://registry.npmmirror.com/brorand/-/brorand-1.1.0.tgz",
      "integrity": "sha512-cKV8tMCEpQs4hK/ik71d6LrPOnpkpGBR0wzxqr68g2m/LB2GxVYQroAjMJZRVM1Y4BCjCKc3vAamxSzOY2RP+w=="
    },
    "node_modules/browserify-sha3": {
      "version": "0.0.4",
      "resolved": "https://registry.npmmirror.com/browserify-sha3/-/browserify-sha3-0.0.4.tgz",
      "integrity": "sha512-WmXX4M8lltqzMnBiPbP9KQdITknmxe4Wp3rhGfpYJst5yOeGwKkHpC0t+Ty22laH4Ltg9YO+p14p93wiipqjxA==",
      "dependencies": {
        "js-sha3": "^0.6.1",
        "safe-buffer": "^5.1.1"
      }
    },
    "node_modules/bs58": {
      "version": "4.0.1",
      "resolved": "https://registry.npmmirror.com/bs58/-/bs58-4.0.1.tgz",
      "integrity": "sha512-Ok3Wdf5vOIlBrgCvTq96gBkJw+JUEzdBgyaza5HLtPm7yTHkjRy8+JzNyHF7BHa0bNWOQIp3m5YF0nnFcOIKLw==",
      "dependencies": {
        "base-x": "^3.0.2"
      }
    },
    "node_modules/crypto-js": {
      "version": "4.1.1",
      "resolved": "https://registry.npmmirror.com/crypto-js/-/crypto-js-4.1.1.tgz",
      "integrity": "sha512-o2JlM7ydqd3Qk9CA0L4NL6mTzU2sdx96a+oOfPu8Mkl/PK51vSyoi8/rQ8NknZtk44vq15lmhAj9CIAGwgeWKw=="
    },
    "node_modules/elliptic": {
      "version": "6.5.4",
      "resolved": "https://registry.npmmirror.com/elliptic/-/elliptic-6.5.4.tgz",
      "integrity": "sha512-iLhC6ULemrljPZb+QutR5TQGB+pdW6KGD5RSegS+8sorOZT+rdQFbsQFJgvN3eRqNALqJer4oQ16YvJHlU8hzQ==",
      "dependencies": {
        "bn.js": "^4.11.9",
        "brorand": "^1.1.0",
        "hash.js": "^1.0.0",
        "hmac-drbg": "^1.0.1",
        "inherits": "^2.0.4",
        "minimalistic-assert": "^1.0.1",
        "minimalistic-crypto-utils": "^1.0.1"
      }
    },
    "node_modules/hash.js": {
      "version": "1.1.7",
      "resolved": "https://registry.npmmirror.com/hash.js/-/hash.js-1.1.7.tgz",
      "integrity": "sha512-taOaskGt4z4SOANNseOviYDvjEJinIkRgmp7LbKP2YTTmVxWBl87s/uzK9r+44BclBSp2X7K1hqeNfz9JbBeXA==",
      "dependencies": {
        "inherits": "^2.0.3",
        "minimalistic-assert": "^1.0.1"
      }
    },
    "node_modules/hmac-drbg": {
      "version": "1.0.1",
      "resolved": "https://registry.npmmirror.com/hmac-drbg/-/hmac-drbg-1.0.1.tgz",
      "integrity": "sha512-Tti3gMqLdZfhOQY1Mzf/AanLiqh1WTiJgEj26ZuYQ9fbkLomzGchCws4FyrSd4VkpBfiNhaE1On+lOz894jvXg==",
      "dependencies": {
        "hash.js": "^1.0.3",
        "minimalistic-assert": "^1.0.0",
        "minimalistic-crypto-utils": "^1.0.1"
      }
    },
    "node_modules/inherits": {
      "version": "2.0.4",
      "resolved": "https://registry.npmmirror.com/inherits/-/inherits-2.0.4.tgz",
      "integrity": "sha512-k/vGaX4/Yla3WzyMCvTQOXYeIHvqOKtnqBduzTHpzpQZzAskKMhZ2K+EnBiSM9zGSoIFeMpXKxa4dYeZIQqewQ=="
    },
    "node_modules/js-sha3": {
      "version": "0.6.1",
      "resolved": "https://registry.npmmirror.com/js-sha3/-/js-sha3-0.6.1.tgz",
      "integrity": "sha512-2OHj7sAZ9gnJS4lQsgIsTslmqVrNQdDC99bvwYGQKU1w6k/gwsTLeGBfWt8yHCuTOGqk7DXzuVlK8J+dDXnG7A=="
    },
    "node_modules/keccakjs": {
      "version": "0.2.3",
      "resolved": "https://registry.npmmirror.com/keccakjs/-/keccakjs-0.2.3.tgz",
      "integrity": "sha512-BjLkNDcfaZ6l8HBG9tH0tpmDv3sS2mA7FNQxFHpCdzP3Gb2MVruXBSuoM66SnVxKJpAr5dKGdkHD+bDokt8fTg==",
      "dependencies": {
        "browserify-sha3": "^0.0.4",
        "sha3": "^1.2.2"
      }
    },
    "node_modules/minimalistic-assert": {
      "version": "1.0.1",
      "resolved": "https://registry.npmmirror.com/minimalistic-assert/-/minimalistic-assert-1.0.1.tgz",
      "integrity": "sha512-UtJcAD4yEaGtjPezWuO9wC4nwUnVH/8/Im3yEHQP4b67cXlD/Qr9hdITCU1xDbSEXg2XKNaP8jsReV7vQd00/A=="
    },
    "node_modules/minimalistic-crypto-utils": {
      "version": "1.0.1",
      "resolved": "https://registry.npmmirror.com/minimalistic-crypto-utils/-/minimalistic-crypto-utils-1.0.1.tgz",
      "integrity": "sha512-JIYlbt6g8i5jKfJ3xz7rF0LXmv2TkDxBLUkiBeZ7bAx4GnnNMr8xFpGnOxn6GhTEHx3SjRrZEoU+j04prX1ktg=="
    },
    "node_modules/nan": {
      "version": "2.13.2",
      "resolved": "https://registry.npmmirror.com/nan/-/nan-2.13.2.tgz",
      "integrity": "sha512-TghvYc72wlMGMVMluVo9WRJc0mB8KxxF/gZ4YYFy7V2ZQX9l7rgbPg7vjS9mt6U5HXODVFVI2bOduCzwOMv/lw=="
    },
    "node_modules/node-addon-api": {
      "version": "2.0.2",
      "resolved": "https://registry.npmmirror.com/node-addon-api/-/node-addon-api-2.0.2.tgz",
      "integrity": "sha512-Ntyt4AIXyaLIuMHF6IOoTakB3K+RWxwtsHNRxllEoA6vPwP9o4866g6YWDLUdnucilZhmkxiHwHr11gAENw+QA=="
    },
    "node_modules/node-gyp-build": {
      "version": "4.4.0",
      "resolved": "https://registry.npmmirror.com/node-gyp-build/-/node-gyp-build-4.4.0.tgz",
      "integrity": "sha512-amJnQCcgtRVw9SvoebO3BKGESClrfXGCUTX9hSn1OuGQTQBOZmVd0Z0OlecpuRksKvbsUqALE8jls/ErClAPuQ==",
      "bin": {
        "node-gyp-build": "bin.js",
        "node-gyp-build-optional": "optional.js",
        "node-gyp-build-test": "build-test.js"
      }
    },
    "node_modules/safe-buffer": {
      "version": "5.2.1",
      "resolved": "https://registry.npmmirror.com/safe-buffer/-/safe-buffer-5.2.1.tgz",
      "integrity": "sha512-rp3So07KcdmmKbGvgaNxQSJr7bGVSVk5S9Eq1F+ppbRo70+YeaDxkw5Dd8NPN+GD6bjnYm2VuPuCXmpuYvmCXQ=="
    },
    "node_modules/secp256k1": {
      "version": "4.0.3",
      "resolved": "https://registry.npmmirror.com/secp256k1/-/secp256k1-4.0.3.tgz",
      "integrity": "sha512-NLZVf+ROMxwtEj3Xa562qgv2BK5e2WNmXPiOdVIPLgs6lyTzMvBq0aWTYMI5XCP9jZMVKOcqZLw/Wc4vDkuxhA==",
      "hasInstallScript": true,
      "dependencies": {
        "elliptic": "^6.5.4",
        "node-addon-api": "^2.0.0",
        "node-gyp-build": "^4.2.0"
      },
      "engines": {
        "node": ">=10.0.0"
      }
    },
    "node_modules/sha3": {
      "version": "1.2.6",
      "resolved": "https://registry.npmmirror.com/sha3/-/sha3-1.2.6.tgz",
      "integrity": "sha512-KgLGmJGrmNB4JWVsAV11Yk6KbvsAiygWJc7t5IebWva/0NukNrjJqhtKhzy3Eiv2AKuGvhZZt7dt1mDo7HkoiQ==",
      "hasInstallScript": true,
      "dependencies": {
        "nan": "2.13.2"
      }
    }
  },
  "dependencies": {
    "base-x": {
      "version": "3.0.9",
      "resolved": "https://registry.npmmirror.com/base-x/-/base-x-3.0.9.tgz",
      "integrity": "sha512-H7JU6iBHTal1gp56aKoaa//YUxEaAOUiydvrV/pILqIHXTtqxSkATOnDA2u+jZ/61sD+L/412+7kzXRtWukhpQ==",
      "requires": {
        "safe-buffer": "^5.0.1"
      }
    },
    "base58check": {
      "version": "2.0.0",
      "resolved": "https://registry.npmmirror.com/base58check/-/base58check-2.0.0.tgz",
      "integrity": "sha512-sTzsDAOC9+i2Ukr3p1Ie2DWpD117ua+vBJRDnpsSlScGwImeeiTg/IatwcFLsz9K9wEGoBLVd5ahNZzrZ/jZyg==",
      "requires": {
        "bs58": "^3.0.0"
      },
      "dependencies": {
        "base-x": {
          "version": "1.1.0",
          "resolved": "https://registry.npmmirror.com/base-x/-/base-x-1.1.0.tgz",
          "integrity": "sha512-c0WLeG3K5OlL4Skz2/LVdS+MjggByKhowxQpG+JpCLA48s/bGwIDyzA1naFjywtNvp/37fLK0p0FpjTNNLLUXQ=="
        },
        "bs58": {
          "version": "3.1.0",
          "resolved": "https://registry.npmmirror.com/bs58/-/bs58-3.1.0.tgz",
          "integrity": "sha512-9C2bRFTGy3meqO65O9jLvVTyawvhLVp4h2ECm5KlRPuV5KPDNJZcJIj3gl+aA0ENXcYrUSLCkPAeqbTcI2uWyQ==",
          "requires": {
            "base-x": "^1.1.0"
          }
        }
      }
    },
    "blake2": {
      "version": "4.1.1",
      "resolved": "https://registry.npmmirror.com/blake2/-/blake2-4.1.1.tgz",
      "integrity": "sha512-HUmkY0MUDUVgejJVNrpNKAva8C4IWD/Rd862sdexoSibu86b6iu0gO0/RjovO2lM5+w6JqjIEmkuAgGhfHlnJw==",
      "requires": {
        "nan": "^2.15.0"
      },
      "dependencies": {
        "nan": {
          "version": "2.16.0",
          "resolved": "https://registry.npmmirror.com/nan/-/nan-2.16.0.tgz",
          "integrity": "sha512-UdAqHyFngu7TfQKsCBgAA6pWDkT8MAO7d0jyOecVhN5354xbLqdn8mV9Tat9gepAupm0bt2DbeaSC8vS52MuFA=="
        }
      }
    },
    "bn.js": {
      "version": "4.12.0",
      "resolved": "https://registry.npmmirror.com/bn.js/-/bn.js-4.12.0.tgz",
      "integrity": "sha512-c98Bf3tPniI+scsdk237ku1Dc3ujXQTSgyiPUDEOe7tRkhrqridvh8klBv0HCEso1OLOYcHuCv/cS6DNxKH+ZA=="
    },
    "brorand": {
      "version": "1.1.0",
      "resolved": "https://registry.npmmirror.com/brorand/-/brorand-1.1.0.tgz",
      "integrity": "sha512-cKV8tMCEpQs4hK/ik71d6LrPOnpkpGBR0wzxqr68g2m/LB2GxVYQroAjMJZRVM1Y4BCjCKc3vAamxSzOY2RP+w=="
    },
    "browserify-sha3": {
      "version": "0.0.4",
      "resolved": "https://registry.npmmirror.com/browserify-sha3/-/browserify-sha3-0.0.4.tgz",
      "integrity": "sha512-WmXX4M8lltqzMnBiPbP9KQdITknmxe4Wp3rhGfpYJst5yOeGwKkHpC0t+Ty22laH4Ltg9YO+p14p93wiipqjxA==",
      "requires": {
        "js-sha3": "^0.6.1",
        "safe-buffer": "^5.1.1"
      }
    },
    "bs58": {
      "version": "4.0.1",
      "resolved": "https://registry.npmmirror.com/bs58/-/bs58-4.0.1.tgz",
      "integrity": "sha512-Ok3Wdf5vOIlBrgCvTq96gBkJw+JUEzdBgyaza5HLtPm7yTHkjRy8+JzNyHF7BHa0bNWOQIp3m5YF0nnFcOIKLw==",
      "requires": {
        "base-x": "^3.0.2"
      }
    },
    "crypto-js": {
      "version": "4.1.1",
      "resolved": "https://registry.npmmirror.com/crypto-js/-/crypto-js-4.1.1.tgz",
      "integrity": "sha512-o2JlM7ydqd3Qk9CA0L4NL6mTzU2sdx96a+oOfPu8Mkl/PK51vSyoi8/rQ8NknZtk44vq15lmhAj9CIAGwgeWKw=="
    },
    "elliptic": {
      "version": "6.5.4",
      "resolved": "https://registry.npmmirror.com/elliptic/-/elliptic-6.5.4.tgz",
      "integrity": "sha512-iLhC6ULemrljPZb+QutR5TQGB+pdW6KGD5RSegS+8sorOZT+rdQFbsQFJgvN3eRqNALqJer4oQ16YvJHlU8hzQ==",
      "requires": {
        "bn.js": "^4.11.9",
        "brorand": "^1.1.0",
        "hash.js": "^1.0.0",
        "hmac-drbg": "^1.0.1",
        "inherits": "^2.0.4",
        "minimalistic-assert": "^1.0.1",
        "minimalistic-crypto-utils": "^1.0.1"
      }
    },
    "hash.js": {
      "version": "1.1.7",
      "resolved": "https://registry.npmmirror.com/hash.js/-/hash.js-1.1.7.tgz",
      "integrity": "sha512-taOaskGt4z4SOANNseOviYDvjEJinIkRgmp7LbKP2YTTmVxWBl87s/uzK9r+44BclBSp2X7K1hqeNfz9JbBeXA==",
      "requires": {
        "inherits": "^2.0.3",
        "minimalistic-assert": "^1.0.1"
      }
    },
    "hmac-drbg": {
      "version": "1.0.1",
      "resolved": "https://registry.npmmirror.com/hmac-drbg/-/hmac-drbg-1.0.1.tgz",
      "integrity": "sha512-Tti3gMqLdZfhOQY1Mzf/AanLiqh1WTiJgEj26ZuYQ9fbkLomzGchCws4FyrSd4VkpBfiNhaE1On+lOz894jvXg==",
      "requires": {
        "hash.js": "^1.0.3",
        "minimalistic-assert": "^1.0.0",
        "minimalistic-crypto-utils": "^1.0.1"
      }
    },
    "inherits": {
      "version": "2.0.4",
      "resolved": "https://registry.npmmirror.com/inherits/-/inherits-2.0.4.tgz",
      "integrity": "sha512-k/vGaX4/Yla3WzyMCvTQOXYeIHvqOKtnqBduzTHpzpQZzAskKMhZ2K+EnBiSM9zGSoIFeMpXKxa4dYeZIQqewQ=="
    },
    "js-sha3": {
      "version": "0.6.1",
      "resolved": "https://registry.npmmirror.com/js-sha3/-/js-sha3-0.6.1.tgz",
      "integrity": "sha512-2OHj7sAZ9gnJS4lQsgIsTslmqVrNQdDC99bvwYGQKU1w6k/gwsTLeGBfWt8yHCuTOGqk7DXzuVlK8J+dDXnG7A=="
    },
    "keccakjs": {
      "version": "0.2.3",
      "resolved": "https://registry.npmmirror.com/keccakjs/-/keccakjs-0.2.3.tgz",
      "integrity": "sha512-BjLkNDcfaZ6l8HBG9tH0tpmDv3sS2mA7FNQxFHpCdzP3Gb2MVruXBSuoM66SnVxKJpAr5dKGdkHD+bDokt8fTg==",
      "requires": {
        "browserify-sha3": "^0.0.4",
        "sha3": "^1.2.2"
      }
    },
    "minimalistic-assert": {
      "version": "1.0.1",
      "resolved": "https://registry.npmmirror.com/minimalistic-assert/-/minimalistic-assert-1.0.1.tgz",
      "integrity": "sha512-UtJcAD4yEaGtjPezWuO9wC4nwUnVH/8/Im3yEHQP4b67cXlD/Qr9hdITCU1xDbSEXg2XKNaP8jsReV7vQd00/A=="
    },
    "minimalistic-crypto-utils": {
      "version": "1.0.1",
      "resolved": "https://registry.npmmirror.com/minimalistic-crypto-utils/-/minimalistic-crypto-utils-1.0.1.tgz",
      "integrity": "sha512-JIYlbt6g8i5jKfJ3xz7rF0LXmv2TkDxBLUkiBeZ7bAx4GnnNMr8xFpGnOxn6GhTEHx3SjRrZEoU+j04prX1ktg=="
    },
    "nan": {
      "version": "2.13.2",
      "resolved": "https://registry.npmmirror.com/nan/-/nan-2.13.2.tgz",
      "integrity": "sha512-TghvYc72wlMGMVMluVo9WRJc0mB8KxxF/gZ4YYFy7V2ZQX9l7rgbPg7vjS9mt6U5HXODVFVI2bOduCzwOMv/lw=="
    },
    "node-addon-api": {
      "version": "2.0.2",
      "resolved": "https://registry.npmmirror.com/node-addon-api/-/node-addon-api-2.0.2.tgz",
      "integrity": "sha512-Ntyt4AIXyaLIuMHF6IOoTakB3K+RWxwtsHNRxllEoA6vPwP9o4866g6YWDLUdnucilZhmkxiHwHr11gAENw+QA=="
    },
    "node-gyp-build": {
      "version": "4.4.0",
      "resolved": "https://registry.npmmirror.com/node-gyp-build/-/node-gyp-build-4.4.0.tgz",
      "integrity": "sha512-amJnQCcgtRVw9SvoebO3BKGESClrfXGCUTX9hSn1OuGQTQBOZmVd0Z0OlecpuRksKvbsUqALE8jls/ErClAPuQ=="
    },
    "safe-buffer": {
      "version": "5.2.1",
      "resolved": "https://registry.npmmirror.com/safe-buffer/-/safe-buffer-5.2.1.tgz",
      "integrity": "sha512-rp3So07KcdmmKbGvgaNxQSJr7bGVSVk5S9Eq1F+ppbRo70+YeaDxkw5Dd8NPN+GD6bjnYm2VuPuCXmpuYvmCXQ=="
    },
    "secp256k1": {
      "version": "4.0.3",
      "resolved": "https://registry.npmmirror.com/secp256k1/-/secp256k1-4.0.3.tgz",
      "integrity": "sha512-NLZVf+ROMxwtEj3Xa562qgv2BK5e2WNmXPiOdVIPLgs6lyTzMvBq0aWTYMI5XCP9jZMVKOcqZLw/Wc4vDkuxhA==",
      "requires": {
        "elliptic": "^6.5.4",
        "node-addon-api": "^2.0.0",
        "node-gyp-build": "^4.2.0"
      }
    },
    "sha3": {
      "version": "1.2.6",
      "resolved": "https://registry.npmmirror.com/sha3/-/sha3-1.2.6.tgz",
      "integrity": "sha512-KgLGmJGrmNB4JWVsAV11Yk6KbvsAiygWJc7t5IebWva/0NukNrjJqhtKhzy3Eiv2AKuGvhZZt7dt1mDo7HkoiQ==",
      "requires": {
        "nan": "2.13.2"
      }
    }
  }
}
